
Microsoft Visual Studio Solution File, Format Version 12.00
# Visual Studio Version 17
VisualStudioVersion = 17.11.35303.130
MinimumVisualStudioVersion = 10.0.40219.1
Project("{FAE04EC0-301F-11D3-BF4B-00C04F79EFBC}") = "PacMan", "PacMan\PacMan.csproj", "{80ED441A-6204-4820-BB8F-B76C6A23C282}"
EndProject
Global
	GlobalSection(SolutionConfigurationPlatforms) = preSolution
		Debug|Any CPU = Debug|Any CPU
		Release|Any CPU = Release|Any CPU
	EndGlobalSection
	GlobalSection(ProjectConfigurationPlatforms) = postSolution
		{80ED441A-6204-4820-BB8F-B76C6A23C282}.Debug|Any CPU.ActiveCfg = Debug|Any CPU
		{80ED441A-6204-4820-BB8F-B76C6A23C282}.Debug|Any CPU.Build.0 = Debug|Any CPU
		{80ED441A-6204-4820-BB8F-B76C6A23C282}.Release|Any CPU.ActiveCfg = Release|Any CPU
		{80ED441A-6204-4820-BB8F-B76C6A23C282}.Release|Any CPU.Build.0 = Release|Any CPU
	EndGlobalSection
	GlobalSection(SolutionProperties) = preSolution
		HideSolutionNode = FALSE
	EndGlobalSection
	GlobalSection(ExtensibilityGlobals) = postSolution
		SolutionGuid = {C753B990-0C46-4F83-89ED-015159920463}
	EndGlobalSection
EndGlobal
